
Microsoft Visual Studio Solution File, Format Version 12.00
# Visual Studio 15
VisualStudioVersion = 15.0.28010.2046
MinimumVisualStudioVersion = 10.0.40219.1
Project("{9A19103F-16F7-4668-BE54-9A1E7A4F7556}") = "Cadmus.Core", "Cadmus.Core\Cadmus.Core.csproj", "{89196680-947D-4DAD-B3E8-86BBF3DBF8FF}"
EndProject
Project("{9A19103F-16F7-4668-BE54-9A1E7A4F7556}") = "Cadmus.Core.Test", "Cadmus.Core.Test\Cadmus.Core.Test.csproj", "{486E4616-ACAD-4C9E-9A3F-D12C5E70F484}"
EndProject
Project("{9A19103F-16F7-4668-BE54-9A1E7A4F7556}") = "Cadmus.Parts", "Cadmus.Parts\Cadmus.Parts.csproj", "{9CA3106C-A1E5-46F0-AAD3-24BE8DFA15D5}"
EndProject
Project("{FAE04EC0-301F-11D3-BF4B-00C04F79EFBC}") = "Cadmus.Mongo", "Cadmus.Mongo\Cadmus.Mongo.csproj", "{A7776A9E-AB5F-4ED4-AE64-340FF5990191}"
EndProject
Project("{FAE04EC0-301F-11D3-BF4B-00C04F79EFBC}") = "Cadmus.Mongo.Test", "Cadmus.Mongo.Test\Cadmus.Mongo.Test.csproj", "{E2D1F995-55BF-4533-ACC1-304A1ABF64EB}"
EndProject
Project("{FAE04EC0-301F-11D3-BF4B-00C04F79EFBC}") = "Cadmus.Archive.Parts", "Cadmus.Archive.Parts\Cadmus.Archive.Parts.csproj", "{0842F887-AA9C-4A53-BE85-15B81124AFE8}"
EndProject
Project("{FAE04EC0-301F-11D3-BF4B-00C04F79EFBC}") = "Cadmus.Archive.Parts.Test", "Cadmus.Archive.Parts.Test\Cadmus.Archive.Parts.Test.csproj", "{091C8CBF-03F0-4B66-981D-A1C0FEB3A365}"
EndProject
Project("{FAE04EC0-301F-11D3-BF4B-00C04F79EFBC}") = "Cadmus.Lexicon.Parts", "Cadmus.Lexicon.Parts\Cadmus.Lexicon.Parts.csproj", "{3B8D713E-9F09-4C71-8308-9094B65E2AEB}"
EndProject
Project("{FAE04EC0-301F-11D3-BF4B-00C04F79EFBC}") = "Cadmus.Philology.Parts", "Cadmus.Philology.Parts\Cadmus.Philology.Parts.csproj", "{1A52DE20-9046-4576-9F93-09CB1F786F85}"
EndProject
Project("{2150E333-8FDC-42A3-9474-1A3956D46DE8}") = "Solution Items", "Solution Items", "{2B5ECE5C-C394-4FE1-B8E6-C941A3F7C3BA}"
	ProjectSection(SolutionItems) = preProject
		Cadmus.shfbproj = Cadmus.shfbproj
		InstallToFeed.bat = InstallToFeed.bat
		Pack.bat = Pack.bat
		Readme.md = Readme.md
	EndProjectSection
EndProject
Global
	GlobalSection(SolutionConfigurationPlatforms) = preSolution
		Debug|Any CPU = Debug|Any CPU
		Release|Any CPU = Release|Any CPU
	EndGlobalSection
	GlobalSection(ProjectConfigurationPlatforms) = postSolution
		{89196680-947D-4DAD-B3E8-86BBF3DBF8FF}.Debug|Any CPU.ActiveCfg = Debug|Any CPU
		{89196680-947D-4DAD-B3E8-86BBF3DBF8FF}.Debug|Any CPU.Build.0 = Debug|Any CPU
		{89196680-947D-4DAD-B3E8-86BBF3DBF8FF}.Release|Any CPU.ActiveCfg = Release|Any CPU
		{89196680-947D-4DAD-B3E8-86BBF3DBF8FF}.Release|Any CPU.Build.0 = Release|Any CPU
		{486E4616-ACAD-4C9E-9A3F-D12C5E70F484}.Debug|Any CPU.ActiveCfg = Debug|Any CPU
		{486E4616-ACAD-4C9E-9A3F-D12C5E70F484}.Debug|Any CPU.Build.0 = Debug|Any CPU
		{486E4616-ACAD-4C9E-9A3F-D12C5E70F484}.Release|Any CPU.ActiveCfg = Release|Any CPU
		{486E4616-ACAD-4C9E-9A3F-D12C5E70F484}.Release|Any CPU.Build.0 = Release|Any CPU
		{9CA3106C-A1E5-46F0-AAD3-24BE8DFA15D5}.Debug|Any CPU.ActiveCfg = Debug|Any CPU
		{9CA3106C-A1E5-46F0-AAD3-24BE8DFA15D5}.Debug|Any CPU.Build.0 = Debug|Any CPU
		{9CA3106C-A1E5-46F0-AAD3-24BE8DFA15D5}.Release|Any CPU.ActiveCfg = Release|Any CPU
		{9CA3106C-A1E5-46F0-AAD3-24BE8DFA15D5}.Release|Any CPU.Build.0 = Release|Any CPU
		{A7776A9E-AB5F-4ED4-AE64-340FF5990191}.Debug|Any CPU.ActiveCfg = Debug|Any CPU
		{A7776A9E-AB5F-4ED4-AE64-340FF5990191}.Debug|Any CPU.Build.0 = Debug|Any CPU
		{A7776A9E-AB5F-4ED4-AE64-340FF5990191}.Release|Any CPU.ActiveCfg = Release|Any CPU
		{A7776A9E-AB5F-4ED4-AE64-340FF5990191}.Release|Any CPU.Build.0 = Release|Any CPU
		{E2D1F995-55BF-4533-ACC1-304A1ABF64EB}.Debug|Any CPU.ActiveCfg = Debug|Any CPU
		{E2D1F995-55BF-4533-ACC1-304A1ABF64EB}.Debug|Any CPU.Build.0 = Debug|Any CPU
		{E2D1F995-55BF-4533-ACC1-304A1ABF64EB}.Release|Any CPU.ActiveCfg = Release|Any CPU
		{E2D1F995-55BF-4533-ACC1-304A1ABF64EB}.Release|Any CPU.Build.0 = Release|Any CPU
		{0842F887-AA9C-4A53-BE85-15B81124AFE8}.Debug|Any CPU.ActiveCfg = Debug|Any CPU
		{0842F887-AA9C-4A53-BE85-15B81124AFE8}.Debug|Any CPU.Build.0 = Debug|Any CPU
		{0842F887-AA9C-4A53-BE85-15B81124AFE8}.Release|Any CPU.ActiveCfg = Release|Any CPU
		{0842F887-AA9C-4A53-BE85-15B81124AFE8}.Release|Any CPU.Build.0 = Release|Any CPU
		{091C8CBF-03F0-4B66-981D-A1C0FEB3A365}.Debug|Any CPU.ActiveCfg = Debug|Any CPU
		{091C8CBF-03F0-4B66-981D-A1C0FEB3A365}.Debug|Any CPU.Build.0 = Debug|Any CPU
		{091C8CBF-03F0-4B66-981D-A1C0FEB3A365}.Release|Any CPU.ActiveCfg = Release|Any CPU
		{091C8CBF-03F0-4B66-981D-A1C0FEB3A365}.Release|Any CPU.Build.0 = Release|Any CPU
		{3B8D713E-9F09-4C71-8308-9094B65E2AEB}.Debug|Any CPU.ActiveCfg = Debug|Any CPU
		{3B8D713E-9F09-4C71-8308-9094B65E2AEB}.Debug|Any CPU.Build.0 = Debug|Any CPU
		{3B8D713E-9F09-4C71-8308-9094B65E2AEB}.Release|Any CPU.ActiveCfg = Release|Any CPU
		{3B8D713E-9F09-4C71-8308-9094B65E2AEB}.Release|Any CPU.Build.0 = Release|Any CPU
		{1A52DE20-9046-4576-9F93-09CB1F786F85}.Debug|Any CPU.ActiveCfg = Debug|Any CPU
		{1A52DE20-9046-4576-9F93-09CB1F786F85}.Debug|Any CPU.Build.0 = Debug|Any CPU
		{1A52DE20-9046-4576-9F93-09CB1F786F85}.Release|Any CPU.ActiveCfg = Release|Any CPU
		{1A52DE20-9046-4576-9F93-09CB1F786F85}.Release|Any CPU.Build.0 = Release|Any CPU
	EndGlobalSection
	GlobalSection(SolutionProperties) = preSolution
		HideSolutionNode = FALSE
	EndGlobalSection
	GlobalSection(ExtensibilityGlobals) = postSolution
		SolutionGuid = {6900EE97-AB1F-4042-8E61-0F999CE7C746}
	EndGlobalSection
EndGlobal
