
Microsoft Visual Studio Solution File, Format Version 12.00
# Visual Studio Version 17
VisualStudioVersion = 17.0.32014.148
MinimumVisualStudioVersion = 10.0.40219.1
Project("{9A19103F-16F7-4668-BE54-9A1E7A4F7556}") = "Cadmus.Core", "Cadmus.Core\Cadmus.Core.csproj", "{89196680-947D-4DAD-B3E8-86BBF3DBF8FF}"
EndProject
Project("{9A19103F-16F7-4668-BE54-9A1E7A4F7556}") = "Cadmus.Core.Test", "Cadmus.Core.Test\Cadmus.Core.Test.csproj", "{486E4616-ACAD-4C9E-9A3F-D12C5E70F484}"
EndProject
Project("{9A19103F-16F7-4668-BE54-9A1E7A4F7556}") = "Cadmus.Mongo", "Cadmus.Mongo\Cadmus.Mongo.csproj", "{A7776A9E-AB5F-4ED4-AE64-340FF5990191}"
EndProject
Project("{9A19103F-16F7-4668-BE54-9A1E7A4F7556}") = "Cadmus.Mongo.Test", "Cadmus.Mongo.Test\Cadmus.Mongo.Test.csproj", "{E2D1F995-55BF-4533-ACC1-304A1ABF64EB}"
EndProject
Project("{2150E333-8FDC-42A3-9474-1A3956D46DE8}") = "Solution Items", "Solution Items", "{2B5ECE5C-C394-4FE1-B8E6-C941A3F7C3BA}"
	ProjectSection(SolutionItems) = preProject
		Cadmus.shfbproj = Cadmus.shfbproj
		Pack.bat = Pack.bat
		Push.bat = Push.bat
		PushLocal.bat = PushLocal.bat
		Readme.md = Readme.md
	EndProjectSection
EndProject
Project("{9A19103F-16F7-4668-BE54-9A1E7A4F7556}") = "Cadmus.Seed", "Cadmus.Seed\Cadmus.Seed.csproj", "{2C1931B1-B5E8-434C-9BC5-46AB47B068D5}"
EndProject
Project("{9A19103F-16F7-4668-BE54-9A1E7A4F7556}") = "Cadmus.Index", "Cadmus.Index\Cadmus.Index.csproj", "{C5DBD866-61DE-48A7-88C7-5548E3ABF3A5}"
EndProject
Project("{9A19103F-16F7-4668-BE54-9A1E7A4F7556}") = "Cadmus.Index.Ef", "Cadmus.Index.Ef\Cadmus.Index.Ef.csproj", "{13A42095-E62C-476F-88F8-54381C4BE045}"
EndProject
Project("{9A19103F-16F7-4668-BE54-9A1E7A4F7556}") = "Cadmus.Index.Ef.MySql", "Cadmus.Index.Ef.MySql\Cadmus.Index.Ef.MySql.csproj", "{ECD02248-6152-415F-8863-DDBE30D68DF5}"
EndProject
Project("{9A19103F-16F7-4668-BE54-9A1E7A4F7556}") = "Cadmus.Index.Ef.MySql.Test", "Cadmus.Index.Ef.MySql.Test\Cadmus.Index.Ef.MySql.Test.csproj", "{F70CA2FC-A498-413F-BDE0-C878550E15F4}"
EndProject
Project("{9A19103F-16F7-4668-BE54-9A1E7A4F7556}") = "Cadmus.Index.Ef.PgSql", "Cadmus.Index.Ef.PgSql\Cadmus.Index.Ef.PgSql.csproj", "{CA0803A2-A768-4240-968E-DD30F766D550}"
EndProject
Project("{9A19103F-16F7-4668-BE54-9A1E7A4F7556}") = "Cadmus.Index.Ef.PgSql.Test", "Cadmus.Index.Ef.PgSql.Test\Cadmus.Index.Ef.PgSql.Test.csproj", "{EB9F1FCA-BA27-4C09-9828-C922EE9AE1B2}"
EndProject
Project("{9A19103F-16F7-4668-BE54-9A1E7A4F7556}") = "Cadmus.Index.Sql", "Cadmus.Index.Sql\Cadmus.Index.Sql.csproj", "{85B23D60-207B-4672-A29C-CA3A06FCEA5E}"
EndProject
Project("{9A19103F-16F7-4668-BE54-9A1E7A4F7556}") = "Cadmus.Index.Sql.Test", "Cadmus.Index.Sql.Test\Cadmus.Index.Sql.Test.csproj", "{5BE1FE5F-AC93-4AA8-84B9-3FA7F13569B9}"
EndProject
Project("{9A19103F-16F7-4668-BE54-9A1E7A4F7556}") = "Cadmus.Index.PgSql", "Cadmus.Index.PgSql\Cadmus.Index.PgSql.csproj", "{E6B87542-D04A-497B-A57D-9A25BD591E2D}"
EndProject
Project("{9A19103F-16F7-4668-BE54-9A1E7A4F7556}") = "Cadmus.Index.MySql", "Cadmus.Index.MySql\Cadmus.Index.MySql.csproj", "{CB353B83-F5E9-4937-BAEF-73809BF90ACC}"
EndProject
Project("{9A19103F-16F7-4668-BE54-9A1E7A4F7556}") = "Cadmus.Index.MySql.Test", "Cadmus.Index.MySql.Test\Cadmus.Index.MySql.Test.csproj", "{10952281-B887-4B1A-936D-17B784A60BCA}"
EndProject
Project("{9A19103F-16F7-4668-BE54-9A1E7A4F7556}") = "Cadmus.Graph", "Cadmus.Graph\Cadmus.Graph.csproj", "{CC3EB152-E5BE-4F43-8733-B6B50ACDC7ED}"
EndProject
Project("{9A19103F-16F7-4668-BE54-9A1E7A4F7556}") = "Cadmus.Graph.Test", "Cadmus.Graph.Test\Cadmus.Graph.Test.csproj", "{7D46B830-1F18-4797-AAAD-F9D26BC058EC}"
EndProject
Project("{9A19103F-16F7-4668-BE54-9A1E7A4F7556}") = "Cadmus.Graph.Extras", "Cadmus.Graph.Extras\Cadmus.Graph.Extras.csproj", "{8AADCA65-8131-492A-BEAF-91A5541C6B2C}"
EndProject
Project("{9A19103F-16F7-4668-BE54-9A1E7A4F7556}") = "Cadmus.Graph.Ef", "Cadmus.Graph.Ef\Cadmus.Graph.Ef.csproj", "{0A53AF36-8706-4F2D-808D-9F10BD4CEBDD}"
EndProject
Project("{9A19103F-16F7-4668-BE54-9A1E7A4F7556}") = "Cadmus.Graph.Ef.MySql", "Cadmus.Graph.Ef.MySql\Cadmus.Graph.Ef.MySql.csproj", "{33D06CA9-B7B9-472B-B9BE-E43B9C7F6563}"
EndProject
Project("{9A19103F-16F7-4668-BE54-9A1E7A4F7556}") = "Cadmus.Graph.Ef.PgSql", "Cadmus.Graph.Ef.PgSql\Cadmus.Graph.Ef.PgSql.csproj", "{43DCB1B4-F811-4755-B05F-AC0CE2867AA1}"
EndProject
Project("{9A19103F-16F7-4668-BE54-9A1E7A4F7556}") = "Cadmus.Graph.Ef.MySql.Test", "Cadmus.Graph.Ef.MySql.Test\Cadmus.Graph.Ef.MySql.Test.csproj", "{D0085A45-C0DD-4C0A-AF58-A96CC5B44A85}"
EndProject
Project("{9A19103F-16F7-4668-BE54-9A1E7A4F7556}") = "Cadmus.Graph.Ef.Test", "Cadmus.Graph.Ef.Test\Cadmus.Graph.Ef.Test.csproj", "{25ED0833-841C-4EC7-829E-11001F87E26D}"
EndProject
Project("{9A19103F-16F7-4668-BE54-9A1E7A4F7556}") = "Cadmus.Graph.Ef.PgSql.Test", "Cadmus.Graph.Ef.PgSql.Test\Cadmus.Graph.Ef.PgSql.Test.csproj", "{D0D5E366-465C-4099-9AC0-5833F6928030}"
EndProject
Project("{9A19103F-16F7-4668-BE54-9A1E7A4F7556}") = "Cadmus.Graph.Api", "Cadmus.Graph.Api\Cadmus.Graph.Api.csproj", "{0BC52A2B-2FA8-4C17-9782-CFECDE7890F2}"
EndProject
Global
	GlobalSection(SolutionConfigurationPlatforms) = preSolution
		Debug|Any CPU = Debug|Any CPU
		Release|Any CPU = Release|Any CPU
	EndGlobalSection
	GlobalSection(ProjectConfigurationPlatforms) = postSolution
		{89196680-947D-4DAD-B3E8-86BBF3DBF8FF}.Debug|Any CPU.ActiveCfg = Debug|Any CPU
		{89196680-947D-4DAD-B3E8-86BBF3DBF8FF}.Debug|Any CPU.Build.0 = Debug|Any CPU
		{89196680-947D-4DAD-B3E8-86BBF3DBF8FF}.Release|Any CPU.ActiveCfg = Release|Any CPU
		{89196680-947D-4DAD-B3E8-86BBF3DBF8FF}.Release|Any CPU.Build.0 = Release|Any CPU
		{486E4616-ACAD-4C9E-9A3F-D12C5E70F484}.Debug|Any CPU.ActiveCfg = Debug|Any CPU
		{486E4616-ACAD-4C9E-9A3F-D12C5E70F484}.Debug|Any CPU.Build.0 = Debug|Any CPU
		{486E4616-ACAD-4C9E-9A3F-D12C5E70F484}.Release|Any CPU.ActiveCfg = Release|Any CPU
		{486E4616-ACAD-4C9E-9A3F-D12C5E70F484}.Release|Any CPU.Build.0 = Release|Any CPU
		{A7776A9E-AB5F-4ED4-AE64-340FF5990191}.Debug|Any CPU.ActiveCfg = Debug|Any CPU
		{A7776A9E-AB5F-4ED4-AE64-340FF5990191}.Debug|Any CPU.Build.0 = Debug|Any CPU
		{A7776A9E-AB5F-4ED4-AE64-340FF5990191}.Release|Any CPU.ActiveCfg = Release|Any CPU
		{A7776A9E-AB5F-4ED4-AE64-340FF5990191}.Release|Any CPU.Build.0 = Release|Any CPU
		{E2D1F995-55BF-4533-ACC1-304A1ABF64EB}.Debug|Any CPU.ActiveCfg = Debug|Any CPU
		{E2D1F995-55BF-4533-ACC1-304A1ABF64EB}.Debug|Any CPU.Build.0 = Debug|Any CPU
		{E2D1F995-55BF-4533-ACC1-304A1ABF64EB}.Release|Any CPU.ActiveCfg = Release|Any CPU
		{E2D1F995-55BF-4533-ACC1-304A1ABF64EB}.Release|Any CPU.Build.0 = Release|Any CPU
		{2C1931B1-B5E8-434C-9BC5-46AB47B068D5}.Debug|Any CPU.ActiveCfg = Debug|Any CPU
		{2C1931B1-B5E8-434C-9BC5-46AB47B068D5}.Debug|Any CPU.Build.0 = Debug|Any CPU
		{2C1931B1-B5E8-434C-9BC5-46AB47B068D5}.Release|Any CPU.ActiveCfg = Release|Any CPU
		{2C1931B1-B5E8-434C-9BC5-46AB47B068D5}.Release|Any CPU.Build.0 = Release|Any CPU
		{C5DBD866-61DE-48A7-88C7-5548E3ABF3A5}.Debug|Any CPU.ActiveCfg = Debug|Any CPU
		{C5DBD866-61DE-48A7-88C7-5548E3ABF3A5}.Debug|Any CPU.Build.0 = Debug|Any CPU
		{C5DBD866-61DE-48A7-88C7-5548E3ABF3A5}.Release|Any CPU.ActiveCfg = Release|Any CPU
		{C5DBD866-61DE-48A7-88C7-5548E3ABF3A5}.Release|Any CPU.Build.0 = Release|Any CPU
		{13A42095-E62C-476F-88F8-54381C4BE045}.Debug|Any CPU.ActiveCfg = Debug|Any CPU
		{13A42095-E62C-476F-88F8-54381C4BE045}.Debug|Any CPU.Build.0 = Debug|Any CPU
		{13A42095-E62C-476F-88F8-54381C4BE045}.Release|Any CPU.ActiveCfg = Release|Any CPU
		{13A42095-E62C-476F-88F8-54381C4BE045}.Release|Any CPU.Build.0 = Release|Any CPU
		{ECD02248-6152-415F-8863-DDBE30D68DF5}.Debug|Any CPU.ActiveCfg = Debug|Any CPU
		{ECD02248-6152-415F-8863-DDBE30D68DF5}.Debug|Any CPU.Build.0 = Debug|Any CPU
		{ECD02248-6152-415F-8863-DDBE30D68DF5}.Release|Any CPU.ActiveCfg = Release|Any CPU
		{ECD02248-6152-415F-8863-DDBE30D68DF5}.Release|Any CPU.Build.0 = Release|Any CPU
		{F70CA2FC-A498-413F-BDE0-C878550E15F4}.Debug|Any CPU.ActiveCfg = Debug|Any CPU
		{F70CA2FC-A498-413F-BDE0-C878550E15F4}.Debug|Any CPU.Build.0 = Debug|Any CPU
		{F70CA2FC-A498-413F-BDE0-C878550E15F4}.Release|Any CPU.ActiveCfg = Release|Any CPU
		{F70CA2FC-A498-413F-BDE0-C878550E15F4}.Release|Any CPU.Build.0 = Release|Any CPU
		{CA0803A2-A768-4240-968E-DD30F766D550}.Debug|Any CPU.ActiveCfg = Debug|Any CPU
		{CA0803A2-A768-4240-968E-DD30F766D550}.Debug|Any CPU.Build.0 = Debug|Any CPU
		{CA0803A2-A768-4240-968E-DD30F766D550}.Release|Any CPU.ActiveCfg = Release|Any CPU
		{CA0803A2-A768-4240-968E-DD30F766D550}.Release|Any CPU.Build.0 = Release|Any CPU
		{EB9F1FCA-BA27-4C09-9828-C922EE9AE1B2}.Debug|Any CPU.ActiveCfg = Debug|Any CPU
		{EB9F1FCA-BA27-4C09-9828-C922EE9AE1B2}.Debug|Any CPU.Build.0 = Debug|Any CPU
		{EB9F1FCA-BA27-4C09-9828-C922EE9AE1B2}.Release|Any CPU.ActiveCfg = Release|Any CPU
		{EB9F1FCA-BA27-4C09-9828-C922EE9AE1B2}.Release|Any CPU.Build.0 = Release|Any CPU
		{85B23D60-207B-4672-A29C-CA3A06FCEA5E}.Debug|Any CPU.ActiveCfg = Debug|Any CPU
		{85B23D60-207B-4672-A29C-CA3A06FCEA5E}.Debug|Any CPU.Build.0 = Debug|Any CPU
		{85B23D60-207B-4672-A29C-CA3A06FCEA5E}.Release|Any CPU.ActiveCfg = Release|Any CPU
		{85B23D60-207B-4672-A29C-CA3A06FCEA5E}.Release|Any CPU.Build.0 = Release|Any CPU
		{5BE1FE5F-AC93-4AA8-84B9-3FA7F13569B9}.Debug|Any CPU.ActiveCfg = Debug|Any CPU
		{5BE1FE5F-AC93-4AA8-84B9-3FA7F13569B9}.Debug|Any CPU.Build.0 = Debug|Any CPU
		{5BE1FE5F-AC93-4AA8-84B9-3FA7F13569B9}.Release|Any CPU.ActiveCfg = Release|Any CPU
		{5BE1FE5F-AC93-4AA8-84B9-3FA7F13569B9}.Release|Any CPU.Build.0 = Release|Any CPU
		{E6B87542-D04A-497B-A57D-9A25BD591E2D}.Debug|Any CPU.ActiveCfg = Debug|Any CPU
		{E6B87542-D04A-497B-A57D-9A25BD591E2D}.Debug|Any CPU.Build.0 = Debug|Any CPU
		{E6B87542-D04A-497B-A57D-9A25BD591E2D}.Release|Any CPU.ActiveCfg = Release|Any CPU
		{E6B87542-D04A-497B-A57D-9A25BD591E2D}.Release|Any CPU.Build.0 = Release|Any CPU
		{CB353B83-F5E9-4937-BAEF-73809BF90ACC}.Debug|Any CPU.ActiveCfg = Debug|Any CPU
		{CB353B83-F5E9-4937-BAEF-73809BF90ACC}.Debug|Any CPU.Build.0 = Debug|Any CPU
		{CB353B83-F5E9-4937-BAEF-73809BF90ACC}.Release|Any CPU.ActiveCfg = Release|Any CPU
		{CB353B83-F5E9-4937-BAEF-73809BF90ACC}.Release|Any CPU.Build.0 = Release|Any CPU
		{10952281-B887-4B1A-936D-17B784A60BCA}.Debug|Any CPU.ActiveCfg = Debug|Any CPU
		{10952281-B887-4B1A-936D-17B784A60BCA}.Debug|Any CPU.Build.0 = Debug|Any CPU
		{10952281-B887-4B1A-936D-17B784A60BCA}.Release|Any CPU.ActiveCfg = Release|Any CPU
		{10952281-B887-4B1A-936D-17B784A60BCA}.Release|Any CPU.Build.0 = Release|Any CPU
		{CC3EB152-E5BE-4F43-8733-B6B50ACDC7ED}.Debug|Any CPU.ActiveCfg = Debug|Any CPU
		{CC3EB152-E5BE-4F43-8733-B6B50ACDC7ED}.Debug|Any CPU.Build.0 = Debug|Any CPU
		{CC3EB152-E5BE-4F43-8733-B6B50ACDC7ED}.Release|Any CPU.ActiveCfg = Release|Any CPU
		{CC3EB152-E5BE-4F43-8733-B6B50ACDC7ED}.Release|Any CPU.Build.0 = Release|Any CPU
		{7D46B830-1F18-4797-AAAD-F9D26BC058EC}.Debug|Any CPU.ActiveCfg = Debug|Any CPU
		{7D46B830-1F18-4797-AAAD-F9D26BC058EC}.Debug|Any CPU.Build.0 = Debug|Any CPU
		{7D46B830-1F18-4797-AAAD-F9D26BC058EC}.Release|Any CPU.ActiveCfg = Release|Any CPU
		{7D46B830-1F18-4797-AAAD-F9D26BC058EC}.Release|Any CPU.Build.0 = Release|Any CPU
		{8AADCA65-8131-492A-BEAF-91A5541C6B2C}.Debug|Any CPU.ActiveCfg = Debug|Any CPU
		{8AADCA65-8131-492A-BEAF-91A5541C6B2C}.Debug|Any CPU.Build.0 = Debug|Any CPU
		{8AADCA65-8131-492A-BEAF-91A5541C6B2C}.Release|Any CPU.ActiveCfg = Release|Any CPU
		{8AADCA65-8131-492A-BEAF-91A5541C6B2C}.Release|Any CPU.Build.0 = Release|Any CPU
		{0A53AF36-8706-4F2D-808D-9F10BD4CEBDD}.Debug|Any CPU.ActiveCfg = Debug|Any CPU
		{0A53AF36-8706-4F2D-808D-9F10BD4CEBDD}.Debug|Any CPU.Build.0 = Debug|Any CPU
		{0A53AF36-8706-4F2D-808D-9F10BD4CEBDD}.Release|Any CPU.ActiveCfg = Release|Any CPU
		{0A53AF36-8706-4F2D-808D-9F10BD4CEBDD}.Release|Any CPU.Build.0 = Release|Any CPU
		{33D06CA9-B7B9-472B-B9BE-E43B9C7F6563}.Debug|Any CPU.ActiveCfg = Debug|Any CPU
		{33D06CA9-B7B9-472B-B9BE-E43B9C7F6563}.Debug|Any CPU.Build.0 = Debug|Any CPU
		{33D06CA9-B7B9-472B-B9BE-E43B9C7F6563}.Release|Any CPU.ActiveCfg = Release|Any CPU
		{33D06CA9-B7B9-472B-B9BE-E43B9C7F6563}.Release|Any CPU.Build.0 = Release|Any CPU
		{43DCB1B4-F811-4755-B05F-AC0CE2867AA1}.Debug|Any CPU.ActiveCfg = Debug|Any CPU
		{43DCB1B4-F811-4755-B05F-AC0CE2867AA1}.Debug|Any CPU.Build.0 = Debug|Any CPU
		{43DCB1B4-F811-4755-B05F-AC0CE2867AA1}.Release|Any CPU.ActiveCfg = Release|Any CPU
		{43DCB1B4-F811-4755-B05F-AC0CE2867AA1}.Release|Any CPU.Build.0 = Release|Any CPU
		{D0085A45-C0DD-4C0A-AF58-A96CC5B44A85}.Debug|Any CPU.ActiveCfg = Debug|Any CPU
		{D0085A45-C0DD-4C0A-AF58-A96CC5B44A85}.Debug|Any CPU.Build.0 = Debug|Any CPU
		{D0085A45-C0DD-4C0A-AF58-A96CC5B44A85}.Release|Any CPU.ActiveCfg = Release|Any CPU
		{D0085A45-C0DD-4C0A-AF58-A96CC5B44A85}.Release|Any CPU.Build.0 = Release|Any CPU
		{25ED0833-841C-4EC7-829E-11001F87E26D}.Debug|Any CPU.ActiveCfg = Debug|Any CPU
		{25ED0833-841C-4EC7-829E-11001F87E26D}.Debug|Any CPU.Build.0 = Debug|Any CPU
		{25ED0833-841C-4EC7-829E-11001F87E26D}.Release|Any CPU.ActiveCfg = Release|Any CPU
		{25ED0833-841C-4EC7-829E-11001F87E26D}.Release|Any CPU.Build.0 = Release|Any CPU
		{D0D5E366-465C-4099-9AC0-5833F6928030}.Debug|Any CPU.ActiveCfg = Debug|Any CPU
		{D0D5E366-465C-4099-9AC0-5833F6928030}.Debug|Any CPU.Build.0 = Debug|Any CPU
		{D0D5E366-465C-4099-9AC0-5833F6928030}.Release|Any CPU.ActiveCfg = Release|Any CPU
		{D0D5E366-465C-4099-9AC0-5833F6928030}.Release|Any CPU.Build.0 = Release|Any CPU
		{0BC52A2B-2FA8-4C17-9782-CFECDE7890F2}.Debug|Any CPU.ActiveCfg = Debug|Any CPU
		{0BC52A2B-2FA8-4C17-9782-CFECDE7890F2}.Debug|Any CPU.Build.0 = Debug|Any CPU
		{0BC52A2B-2FA8-4C17-9782-CFECDE7890F2}.Release|Any CPU.ActiveCfg = Release|Any CPU
		{0BC52A2B-2FA8-4C17-9782-CFECDE7890F2}.Release|Any CPU.Build.0 = Release|Any CPU
	EndGlobalSection
	GlobalSection(SolutionProperties) = preSolution
		HideSolutionNode = FALSE
	EndGlobalSection
	GlobalSection(ExtensibilityGlobals) = postSolution
		SolutionGuid = {6900EE97-AB1F-4042-8E61-0F999CE7C746}
	EndGlobalSection
EndGlobal
