
Microsoft Visual Studio Solution File, Format Version 12.00
# Visual Studio Version 16
VisualStudioVersion = 16.0.29424.173
MinimumVisualStudioVersion = 10.0.40219.1
Project("{9A19103F-16F7-4668-BE54-9A1E7A4F7556}") = "Cadmus.Core", "Cadmus.Core\Cadmus.Core.csproj", "{89196680-947D-4DAD-B3E8-86BBF3DBF8FF}"
EndProject
Project("{9A19103F-16F7-4668-BE54-9A1E7A4F7556}") = "Cadmus.Core.Test", "Cadmus.Core.Test\Cadmus.Core.Test.csproj", "{486E4616-ACAD-4C9E-9A3F-D12C5E70F484}"
EndProject
Project("{9A19103F-16F7-4668-BE54-9A1E7A4F7556}") = "Cadmus.Parts", "Cadmus.Parts\Cadmus.Parts.csproj", "{9CA3106C-A1E5-46F0-AAD3-24BE8DFA15D5}"
EndProject
Project("{9A19103F-16F7-4668-BE54-9A1E7A4F7556}") = "Cadmus.Mongo", "Cadmus.Mongo\Cadmus.Mongo.csproj", "{A7776A9E-AB5F-4ED4-AE64-340FF5990191}"
EndProject
Project("{9A19103F-16F7-4668-BE54-9A1E7A4F7556}") = "Cadmus.Mongo.Test", "Cadmus.Mongo.Test\Cadmus.Mongo.Test.csproj", "{E2D1F995-55BF-4533-ACC1-304A1ABF64EB}"
EndProject
Project("{9A19103F-16F7-4668-BE54-9A1E7A4F7556}") = "Cadmus.Archive.Parts", "Cadmus.Archive.Parts\Cadmus.Archive.Parts.csproj", "{0842F887-AA9C-4A53-BE85-15B81124AFE8}"
EndProject
Project("{9A19103F-16F7-4668-BE54-9A1E7A4F7556}") = "Cadmus.Archive.Parts.Test", "Cadmus.Archive.Parts.Test\Cadmus.Archive.Parts.Test.csproj", "{091C8CBF-03F0-4B66-981D-A1C0FEB3A365}"
EndProject
Project("{9A19103F-16F7-4668-BE54-9A1E7A4F7556}") = "Cadmus.Lexicon.Parts", "Cadmus.Lexicon.Parts\Cadmus.Lexicon.Parts.csproj", "{3B8D713E-9F09-4C71-8308-9094B65E2AEB}"
EndProject
Project("{9A19103F-16F7-4668-BE54-9A1E7A4F7556}") = "Cadmus.Philology.Parts", "Cadmus.Philology.Parts\Cadmus.Philology.Parts.csproj", "{1A52DE20-9046-4576-9F93-09CB1F786F85}"
EndProject
Project("{2150E333-8FDC-42A3-9474-1A3956D46DE8}") = "Solution Items", "Solution Items", "{2B5ECE5C-C394-4FE1-B8E6-C941A3F7C3BA}"
	ProjectSection(SolutionItems) = preProject
		Cadmus.shfbproj = Cadmus.shfbproj
		InstallToFeed.bat = InstallToFeed.bat
		Pack.bat = Pack.bat
		Readme.md = Readme.md
	EndProjectSection
EndProject
Project("{9A19103F-16F7-4668-BE54-9A1E7A4F7556}") = "Cadmus.Philology.Parts.Test", "Cadmus.Philology.Parts.Test\Cadmus.Philology.Parts.Test.csproj", "{CD08415A-2919-4C4F-92B2-507F39EC9E51}"
EndProject
Project("{9A19103F-16F7-4668-BE54-9A1E7A4F7556}") = "Cadmus.Seed", "Cadmus.Seed\Cadmus.Seed.csproj", "{2C1931B1-B5E8-434C-9BC5-46AB47B068D5}"
EndProject
Project("{9A19103F-16F7-4668-BE54-9A1E7A4F7556}") = "Cadmus.Seed.Parts", "Cadmus.Seed.Parts\Cadmus.Seed.Parts.csproj", "{A0789E20-B998-4AE7-B00E-11BF1E4E0D7F}"
EndProject
Project("{9A19103F-16F7-4668-BE54-9A1E7A4F7556}") = "Cadmus.Seed.Philology.Parts", "Cadmus.Seed.Philology.Parts\Cadmus.Seed.Philology.Parts.csproj", "{9582D03A-7088-4058-BCE7-492E0B036945}"
EndProject
Project("{9A19103F-16F7-4668-BE54-9A1E7A4F7556}") = "Cadmus.Seed.Parts.Test", "Cadmus.Seed.Parts.Test\Cadmus.Seed.Parts.Test.csproj", "{51C929BA-64E6-46AE-9CAE-3C6562A6C7DC}"
EndProject
Project("{9A19103F-16F7-4668-BE54-9A1E7A4F7556}") = "Cadmus.Seed.Philology.Parts.Test", "Cadmus.Seed.Philology.Parts.Test\Cadmus.Seed.Philology.Parts.Test.csproj", "{3D097ECE-8572-411F-B4DB-16A08E2DBC39}"
EndProject
Project("{9A19103F-16F7-4668-BE54-9A1E7A4F7556}") = "Cadmus.Parts.Test", "Cadmus.Parts.Test\Cadmus.Parts.Test.csproj", "{10334072-8A33-46AF-B1DA-50E30DE49AE9}"
EndProject
Project("{9A19103F-16F7-4668-BE54-9A1E7A4F7556}") = "Cadmus.Index", "Cadmus.Index\Cadmus.Index.csproj", "{C5DBD866-61DE-48A7-88C7-5548E3ABF3A5}"
EndProject
Project("{9A19103F-16F7-4668-BE54-9A1E7A4F7556}") = "Cadmus.Index.Sql", "Cadmus.Index.Sql\Cadmus.Index.Sql.csproj", "{8CDA4E04-A6C9-4C37-A79B-0129E904A584}"
EndProject
Project("{9A19103F-16F7-4668-BE54-9A1E7A4F7556}") = "Cadmus.Index.Sql.Test", "Cadmus.Index.Sql.Test\Cadmus.Index.Sql.Test.csproj", "{E7EE396F-F3A5-46B5-8387-C2E9D2D265E4}"
EndProject
Project("{FAE04EC0-301F-11D3-BF4B-00C04F79EFBC}") = "Cadmus.Index.MySql", "Cadmus.Index.MySql\Cadmus.Index.MySql.csproj", "{27929C4F-F83F-48FC-B5C0-F0E5CE7AA7B6}"
EndProject
Project("{FAE04EC0-301F-11D3-BF4B-00C04F79EFBC}") = "Cadmus.Index.MsSql", "Cadmus.Index.MsSql\Cadmus.Index.MsSql.csproj", "{9BEA41B9-D04F-4ADF-8809-3B95EE1D7AB6}"
EndProject
Project("{FAE04EC0-301F-11D3-BF4B-00C04F79EFBC}") = "Cadmus.Index.MySql.Test", "Cadmus.Index.MySql.Test\Cadmus.Index.MySql.Test.csproj", "{C49D2AA0-F2EA-4CA8-9A3C-7089AD0B1F5D}"
EndProject
Global
	GlobalSection(SolutionConfigurationPlatforms) = preSolution
		Debug|Any CPU = Debug|Any CPU
		Release|Any CPU = Release|Any CPU
	EndGlobalSection
	GlobalSection(ProjectConfigurationPlatforms) = postSolution
		{89196680-947D-4DAD-B3E8-86BBF3DBF8FF}.Debug|Any CPU.ActiveCfg = Debug|Any CPU
		{89196680-947D-4DAD-B3E8-86BBF3DBF8FF}.Debug|Any CPU.Build.0 = Debug|Any CPU
		{89196680-947D-4DAD-B3E8-86BBF3DBF8FF}.Release|Any CPU.ActiveCfg = Release|Any CPU
		{89196680-947D-4DAD-B3E8-86BBF3DBF8FF}.Release|Any CPU.Build.0 = Release|Any CPU
		{486E4616-ACAD-4C9E-9A3F-D12C5E70F484}.Debug|Any CPU.ActiveCfg = Debug|Any CPU
		{486E4616-ACAD-4C9E-9A3F-D12C5E70F484}.Debug|Any CPU.Build.0 = Debug|Any CPU
		{486E4616-ACAD-4C9E-9A3F-D12C5E70F484}.Release|Any CPU.ActiveCfg = Release|Any CPU
		{486E4616-ACAD-4C9E-9A3F-D12C5E70F484}.Release|Any CPU.Build.0 = Release|Any CPU
		{9CA3106C-A1E5-46F0-AAD3-24BE8DFA15D5}.Debug|Any CPU.ActiveCfg = Debug|Any CPU
		{9CA3106C-A1E5-46F0-AAD3-24BE8DFA15D5}.Debug|Any CPU.Build.0 = Debug|Any CPU
		{9CA3106C-A1E5-46F0-AAD3-24BE8DFA15D5}.Release|Any CPU.ActiveCfg = Release|Any CPU
		{9CA3106C-A1E5-46F0-AAD3-24BE8DFA15D5}.Release|Any CPU.Build.0 = Release|Any CPU
		{A7776A9E-AB5F-4ED4-AE64-340FF5990191}.Debug|Any CPU.ActiveCfg = Debug|Any CPU
		{A7776A9E-AB5F-4ED4-AE64-340FF5990191}.Debug|Any CPU.Build.0 = Debug|Any CPU
		{A7776A9E-AB5F-4ED4-AE64-340FF5990191}.Release|Any CPU.ActiveCfg = Release|Any CPU
		{A7776A9E-AB5F-4ED4-AE64-340FF5990191}.Release|Any CPU.Build.0 = Release|Any CPU
		{E2D1F995-55BF-4533-ACC1-304A1ABF64EB}.Debug|Any CPU.ActiveCfg = Debug|Any CPU
		{E2D1F995-55BF-4533-ACC1-304A1ABF64EB}.Debug|Any CPU.Build.0 = Debug|Any CPU
		{E2D1F995-55BF-4533-ACC1-304A1ABF64EB}.Release|Any CPU.ActiveCfg = Release|Any CPU
		{E2D1F995-55BF-4533-ACC1-304A1ABF64EB}.Release|Any CPU.Build.0 = Release|Any CPU
		{0842F887-AA9C-4A53-BE85-15B81124AFE8}.Debug|Any CPU.ActiveCfg = Debug|Any CPU
		{0842F887-AA9C-4A53-BE85-15B81124AFE8}.Debug|Any CPU.Build.0 = Debug|Any CPU
		{0842F887-AA9C-4A53-BE85-15B81124AFE8}.Release|Any CPU.ActiveCfg = Release|Any CPU
		{0842F887-AA9C-4A53-BE85-15B81124AFE8}.Release|Any CPU.Build.0 = Release|Any CPU
		{091C8CBF-03F0-4B66-981D-A1C0FEB3A365}.Debug|Any CPU.ActiveCfg = Debug|Any CPU
		{091C8CBF-03F0-4B66-981D-A1C0FEB3A365}.Debug|Any CPU.Build.0 = Debug|Any CPU
		{091C8CBF-03F0-4B66-981D-A1C0FEB3A365}.Release|Any CPU.ActiveCfg = Release|Any CPU
		{091C8CBF-03F0-4B66-981D-A1C0FEB3A365}.Release|Any CPU.Build.0 = Release|Any CPU
		{3B8D713E-9F09-4C71-8308-9094B65E2AEB}.Debug|Any CPU.ActiveCfg = Debug|Any CPU
		{3B8D713E-9F09-4C71-8308-9094B65E2AEB}.Debug|Any CPU.Build.0 = Debug|Any CPU
		{3B8D713E-9F09-4C71-8308-9094B65E2AEB}.Release|Any CPU.ActiveCfg = Release|Any CPU
		{3B8D713E-9F09-4C71-8308-9094B65E2AEB}.Release|Any CPU.Build.0 = Release|Any CPU
		{1A52DE20-9046-4576-9F93-09CB1F786F85}.Debug|Any CPU.ActiveCfg = Debug|Any CPU
		{1A52DE20-9046-4576-9F93-09CB1F786F85}.Debug|Any CPU.Build.0 = Debug|Any CPU
		{1A52DE20-9046-4576-9F93-09CB1F786F85}.Release|Any CPU.ActiveCfg = Release|Any CPU
		{1A52DE20-9046-4576-9F93-09CB1F786F85}.Release|Any CPU.Build.0 = Release|Any CPU
		{CD08415A-2919-4C4F-92B2-507F39EC9E51}.Debug|Any CPU.ActiveCfg = Debug|Any CPU
		{CD08415A-2919-4C4F-92B2-507F39EC9E51}.Debug|Any CPU.Build.0 = Debug|Any CPU
		{CD08415A-2919-4C4F-92B2-507F39EC9E51}.Release|Any CPU.ActiveCfg = Release|Any CPU
		{CD08415A-2919-4C4F-92B2-507F39EC9E51}.Release|Any CPU.Build.0 = Release|Any CPU
		{2C1931B1-B5E8-434C-9BC5-46AB47B068D5}.Debug|Any CPU.ActiveCfg = Debug|Any CPU
		{2C1931B1-B5E8-434C-9BC5-46AB47B068D5}.Debug|Any CPU.Build.0 = Debug|Any CPU
		{2C1931B1-B5E8-434C-9BC5-46AB47B068D5}.Release|Any CPU.ActiveCfg = Release|Any CPU
		{2C1931B1-B5E8-434C-9BC5-46AB47B068D5}.Release|Any CPU.Build.0 = Release|Any CPU
		{A0789E20-B998-4AE7-B00E-11BF1E4E0D7F}.Debug|Any CPU.ActiveCfg = Debug|Any CPU
		{A0789E20-B998-4AE7-B00E-11BF1E4E0D7F}.Debug|Any CPU.Build.0 = Debug|Any CPU
		{A0789E20-B998-4AE7-B00E-11BF1E4E0D7F}.Release|Any CPU.ActiveCfg = Release|Any CPU
		{A0789E20-B998-4AE7-B00E-11BF1E4E0D7F}.Release|Any CPU.Build.0 = Release|Any CPU
		{9582D03A-7088-4058-BCE7-492E0B036945}.Debug|Any CPU.ActiveCfg = Debug|Any CPU
		{9582D03A-7088-4058-BCE7-492E0B036945}.Debug|Any CPU.Build.0 = Debug|Any CPU
		{9582D03A-7088-4058-BCE7-492E0B036945}.Release|Any CPU.ActiveCfg = Release|Any CPU
		{9582D03A-7088-4058-BCE7-492E0B036945}.Release|Any CPU.Build.0 = Release|Any CPU
		{51C929BA-64E6-46AE-9CAE-3C6562A6C7DC}.Debug|Any CPU.ActiveCfg = Debug|Any CPU
		{51C929BA-64E6-46AE-9CAE-3C6562A6C7DC}.Debug|Any CPU.Build.0 = Debug|Any CPU
		{51C929BA-64E6-46AE-9CAE-3C6562A6C7DC}.Release|Any CPU.ActiveCfg = Release|Any CPU
		{51C929BA-64E6-46AE-9CAE-3C6562A6C7DC}.Release|Any CPU.Build.0 = Release|Any CPU
		{3D097ECE-8572-411F-B4DB-16A08E2DBC39}.Debug|Any CPU.ActiveCfg = Debug|Any CPU
		{3D097ECE-8572-411F-B4DB-16A08E2DBC39}.Debug|Any CPU.Build.0 = Debug|Any CPU
		{3D097ECE-8572-411F-B4DB-16A08E2DBC39}.Release|Any CPU.ActiveCfg = Release|Any CPU
		{3D097ECE-8572-411F-B4DB-16A08E2DBC39}.Release|Any CPU.Build.0 = Release|Any CPU
		{10334072-8A33-46AF-B1DA-50E30DE49AE9}.Debug|Any CPU.ActiveCfg = Debug|Any CPU
		{10334072-8A33-46AF-B1DA-50E30DE49AE9}.Debug|Any CPU.Build.0 = Debug|Any CPU
		{10334072-8A33-46AF-B1DA-50E30DE49AE9}.Release|Any CPU.ActiveCfg = Release|Any CPU
		{10334072-8A33-46AF-B1DA-50E30DE49AE9}.Release|Any CPU.Build.0 = Release|Any CPU
		{C5DBD866-61DE-48A7-88C7-5548E3ABF3A5}.Debug|Any CPU.ActiveCfg = Debug|Any CPU
		{C5DBD866-61DE-48A7-88C7-5548E3ABF3A5}.Debug|Any CPU.Build.0 = Debug|Any CPU
		{C5DBD866-61DE-48A7-88C7-5548E3ABF3A5}.Release|Any CPU.ActiveCfg = Release|Any CPU
		{C5DBD866-61DE-48A7-88C7-5548E3ABF3A5}.Release|Any CPU.Build.0 = Release|Any CPU
		{8CDA4E04-A6C9-4C37-A79B-0129E904A584}.Debug|Any CPU.ActiveCfg = Debug|Any CPU
		{8CDA4E04-A6C9-4C37-A79B-0129E904A584}.Debug|Any CPU.Build.0 = Debug|Any CPU
		{8CDA4E04-A6C9-4C37-A79B-0129E904A584}.Release|Any CPU.ActiveCfg = Release|Any CPU
		{8CDA4E04-A6C9-4C37-A79B-0129E904A584}.Release|Any CPU.Build.0 = Release|Any CPU
		{E7EE396F-F3A5-46B5-8387-C2E9D2D265E4}.Debug|Any CPU.ActiveCfg = Debug|Any CPU
		{E7EE396F-F3A5-46B5-8387-C2E9D2D265E4}.Debug|Any CPU.Build.0 = Debug|Any CPU
		{E7EE396F-F3A5-46B5-8387-C2E9D2D265E4}.Release|Any CPU.ActiveCfg = Release|Any CPU
		{E7EE396F-F3A5-46B5-8387-C2E9D2D265E4}.Release|Any CPU.Build.0 = Release|Any CPU
		{27929C4F-F83F-48FC-B5C0-F0E5CE7AA7B6}.Debug|Any CPU.ActiveCfg = Debug|Any CPU
		{27929C4F-F83F-48FC-B5C0-F0E5CE7AA7B6}.Debug|Any CPU.Build.0 = Debug|Any CPU
		{27929C4F-F83F-48FC-B5C0-F0E5CE7AA7B6}.Release|Any CPU.ActiveCfg = Release|Any CPU
		{27929C4F-F83F-48FC-B5C0-F0E5CE7AA7B6}.Release|Any CPU.Build.0 = Release|Any CPU
		{9BEA41B9-D04F-4ADF-8809-3B95EE1D7AB6}.Debug|Any CPU.ActiveCfg = Debug|Any CPU
		{9BEA41B9-D04F-4ADF-8809-3B95EE1D7AB6}.Debug|Any CPU.Build.0 = Debug|Any CPU
		{9BEA41B9-D04F-4ADF-8809-3B95EE1D7AB6}.Release|Any CPU.ActiveCfg = Release|Any CPU
		{9BEA41B9-D04F-4ADF-8809-3B95EE1D7AB6}.Release|Any CPU.Build.0 = Release|Any CPU
		{C49D2AA0-F2EA-4CA8-9A3C-7089AD0B1F5D}.Debug|Any CPU.ActiveCfg = Debug|Any CPU
		{C49D2AA0-F2EA-4CA8-9A3C-7089AD0B1F5D}.Debug|Any CPU.Build.0 = Debug|Any CPU
		{C49D2AA0-F2EA-4CA8-9A3C-7089AD0B1F5D}.Release|Any CPU.ActiveCfg = Release|Any CPU
		{C49D2AA0-F2EA-4CA8-9A3C-7089AD0B1F5D}.Release|Any CPU.Build.0 = Release|Any CPU
	EndGlobalSection
	GlobalSection(SolutionProperties) = preSolution
		HideSolutionNode = FALSE
	EndGlobalSection
	GlobalSection(ExtensibilityGlobals) = postSolution
		SolutionGuid = {6900EE97-AB1F-4042-8E61-0F999CE7C746}
	EndGlobalSection
EndGlobal
